
Microsoft Visual Studio Solution File, Format Version 12.00
# Visual Studio Version 16
VisualStudioVersion = 16.0.29418.71
MinimumVisualStudioVersion = 10.0.40219.1
Project("{FAE04EC0-301F-11D3-BF4B-00C04F79EFBC}") = "ProjectAssessment", "ProjectAssessment\ProjectAssessment\ProjectAssessment.csproj", "{840DF345-C849-4328-82D3-BFD62634A025}"
EndProject
Project("{FAE04EC0-301F-11D3-BF4B-00C04F79EFBC}") = "ProjectAssessment.Android", "ProjectAssessment\ProjectAssessment.Android\ProjectAssessment.Android.csproj", "{01924B78-DFE9-4DD6-A0C9-01ECFE6669B5}"
EndProject
Project("{FAE04EC0-301F-11D3-BF4B-00C04F79EFBC}") = "ProjectAssessment.iOS", "ProjectAssessment\ProjectAssessment.iOS\ProjectAssessment.iOS.csproj", "{5843C5AF-8153-48F1-A8F1-95BDF2FBAFF3}"
EndProject
Global
	GlobalSection(SolutionConfigurationPlatforms) = preSolution
		Ad-Hoc|Any CPU = Ad-Hoc|Any CPU
		Ad-Hoc|iPhone = Ad-Hoc|iPhone
		Ad-Hoc|iPhoneSimulator = Ad-Hoc|iPhoneSimulator
		AppStore|Any CPU = AppStore|Any CPU
		AppStore|iPhone = AppStore|iPhone
		AppStore|iPhoneSimulator = AppStore|iPhoneSimulator
		Debug|Any CPU = Debug|Any CPU
		Debug|iPhone = Debug|iPhone
		Debug|iPhoneSimulator = Debug|iPhoneSimulator
		Release|Any CPU = Release|Any CPU
		Release|iPhone = Release|iPhone
		Release|iPhoneSimulator = Release|iPhoneSimulator
	EndGlobalSection
	GlobalSection(ProjectConfigurationPlatforms) = postSolution
		{840DF345-C849-4328-82D3-BFD62634A025}.Ad-Hoc|Any CPU.ActiveCfg = Debug|Any CPU
		{840DF345-C849-4328-82D3-BFD62634A025}.Ad-Hoc|Any CPU.Build.0 = Debug|Any CPU
		{840DF345-C849-4328-82D3-BFD62634A025}.Ad-Hoc|iPhone.ActiveCfg = Debug|Any CPU
		{840DF345-C849-4328-82D3-BFD62634A025}.Ad-Hoc|iPhone.Build.0 = Debug|Any CPU
		{840DF345-C849-4328-82D3-BFD62634A025}.Ad-Hoc|iPhoneSimulator.ActiveCfg = Debug|Any CPU
		{840DF345-C849-4328-82D3-BFD62634A025}.Ad-Hoc|iPhoneSimulator.Build.0 = Debug|Any CPU
		{840DF345-C849-4328-82D3-BFD62634A025}.AppStore|Any CPU.ActiveCfg = Debug|Any CPU
		{840DF345-C849-4328-82D3-BFD62634A025}.AppStore|Any CPU.Build.0 = Debug|Any CPU
		{840DF345-C849-4328-82D3-BFD62634A025}.AppStore|iPhone.ActiveCfg = Debug|Any CPU
		{840DF345-C849-4328-82D3-BFD62634A025}.AppStore|iPhone.Build.0 = Debug|Any CPU
		{840DF345-C849-4328-82D3-BFD62634A025}.AppStore|iPhoneSimulator.ActiveCfg = Debug|Any CPU
		{840DF345-C849-4328-82D3-BFD62634A025}.AppStore|iPhoneSimulator.Build.0 = Debug|Any CPU
		{840DF345-C849-4328-82D3-BFD62634A025}.Debug|Any CPU.ActiveCfg = Debug|Any CPU
		{840DF345-C849-4328-82D3-BFD62634A025}.Debug|Any CPU.Build.0 = Debug|Any CPU
		{840DF345-C849-4328-82D3-BFD62634A025}.Debug|iPhone.ActiveCfg = Debug|Any CPU
		{840DF345-C849-4328-82D3-BFD62634A025}.Debug|iPhone.Build.0 = Debug|Any CPU
		{840DF345-C849-4328-82D3-BFD62634A025}.Debug|iPhoneSimulator.ActiveCfg = Debug|Any CPU
		{840DF345-C849-4328-82D3-BFD62634A025}.Debug|iPhoneSimulator.Build.0 = Debug|Any CPU
		{840DF345-C849-4328-82D3-BFD62634A025}.Release|Any CPU.ActiveCfg = Release|Any CPU
		{840DF345-C849-4328-82D3-BFD62634A025}.Release|Any CPU.Build.0 = Release|Any CPU
		{840DF345-C849-4328-82D3-BFD62634A025}.Release|iPhone.ActiveCfg = Release|Any CPU
		{840DF345-C849-4328-82D3-BFD62634A025}.Release|iPhone.Build.0 = Release|Any CPU
		{840DF345-C849-4328-82D3-BFD62634A025}.Release|iPhoneSimulator.ActiveCfg = Release|Any CPU
		{840DF345-C849-4328-82D3-BFD62634A025}.Release|iPhoneSimulator.Build.0 = Release|Any CPU
		{01924B78-DFE9-4DD6-A0C9-01ECFE6669B5}.Ad-Hoc|Any CPU.ActiveCfg = Release|Any CPU
		{01924B78-DFE9-4DD6-A0C9-01ECFE6669B5}.Ad-Hoc|Any CPU.Build.0 = Release|Any CPU
		{01924B78-DFE9-4DD6-A0C9-01ECFE6669B5}.Ad-Hoc|Any CPU.Deploy.0 = Release|Any CPU
		{01924B78-DFE9-4DD6-A0C9-01ECFE6669B5}.Ad-Hoc|iPhone.ActiveCfg = Release|Any CPU
		{01924B78-DFE9-4DD6-A0C9-01ECFE6669B5}.Ad-Hoc|iPhone.Build.0 = Release|Any CPU
		{01924B78-DFE9-4DD6-A0C9-01ECFE6669B5}.Ad-Hoc|iPhone.Deploy.0 = Release|Any CPU
		{01924B78-DFE9-4DD6-A0C9-01ECFE6669B5}.Ad-Hoc|iPhoneSimulator.ActiveCfg = Release|Any CPU
		{01924B78-DFE9-4DD6-A0C9-01ECFE6669B5}.Ad-Hoc|iPhoneSimulator.Build.0 = Release|Any CPU
		{01924B78-DFE9-4DD6-A0C9-01ECFE6669B5}.Ad-Hoc|iPhoneSimulator.Deploy.0 = Release|Any CPU
		{01924B78-DFE9-4DD6-A0C9-01ECFE6669B5}.AppStore|Any CPU.ActiveCfg = Release|Any CPU
		{01924B78-DFE9-4DD6-A0C9-01ECFE6669B5}.AppStore|Any CPU.Build.0 = Release|Any CPU
		{01924B78-DFE9-4DD6-A0C9-01ECFE6669B5}.AppStore|Any CPU.Deploy.0 = Release|Any CPU
		{01924B78-DFE9-4DD6-A0C9-01ECFE6669B5}.AppStore|iPhone.ActiveCfg = Release|Any CPU
		{01924B78-DFE9-4DD6-A0C9-01ECFE6669B5}.AppStore|iPhone.Build.0 = Release|Any CPU
		{01924B78-DFE9-4DD6-A0C9-01ECFE6669B5}.AppStore|iPhone.Deploy.0 = Release|Any CPU
		{01924B78-DFE9-4DD6-A0C9-01ECFE6669B5}.AppStore|iPhoneSimulator.ActiveCfg = Release|Any CPU
		{01924B78-DFE9-4DD6-A0C9-01ECFE6669B5}.AppStore|iPhoneSimulator.Build.0 = Release|Any CPU
		{01924B78-DFE9-4DD6-A0C9-01ECFE6669B5}.AppStore|iPhoneSimulator.Deploy.0 = Release|Any CPU
		{01924B78-DFE9-4DD6-A0C9-01ECFE6669B5}.Debug|Any CPU.ActiveCfg = Debug|Any CPU
		{01924B78-DFE9-4DD6-A0C9-01ECFE6669B5}.Debug|Any CPU.Build.0 = Debug|Any CPU
		{01924B78-DFE9-4DD6-A0C9-01ECFE6669B5}.Debug|Any CPU.Deploy.0 = Debug|Any CPU
		{01924B78-DFE9-4DD6-A0C9-01ECFE6669B5}.Debug|iPhone.ActiveCfg = Debug|Any CPU
		{01924B78-DFE9-4DD6-A0C9-01ECFE6669B5}.Debug|iPhone.Build.0 = Debug|Any CPU
		{01924B78-DFE9-4DD6-A0C9-01ECFE6669B5}.Debug|iPhone.Deploy.0 = Debug|Any CPU
		{01924B78-DFE9-4DD6-A0C9-01ECFE6669B5}.Debug|iPhoneSimulator.ActiveCfg = Debug|Any CPU
		{01924B78-DFE9-4DD6-A0C9-01ECFE6669B5}.Debug|iPhoneSimulator.Build.0 = Debug|Any CPU
		{01924B78-DFE9-4DD6-A0C9-01ECFE6669B5}.Debug|iPhoneSimulator.Deploy.0 = Debug|Any CPU
		{01924B78-DFE9-4DD6-A0C9-01ECFE6669B5}.Release|Any CPU.ActiveCfg = Release|Any CPU
		{01924B78-DFE9-4DD6-A0C9-01ECFE6669B5}.Release|Any CPU.Build.0 = Release|Any CPU
		{01924B78-DFE9-4DD6-A0C9-01ECFE6669B5}.Release|Any CPU.Deploy.0 = Release|Any CPU
		{01924B78-DFE9-4DD6-A0C9-01ECFE6669B5}.Release|iPhone.ActiveCfg = Release|Any CPU
		{01924B78-DFE9-4DD6-A0C9-01ECFE6669B5}.Release|iPhone.Build.0 = Release|Any CPU
		{01924B78-DFE9-4DD6-A0C9-01ECFE6669B5}.Release|iPhone.Deploy.0 = Release|Any CPU
		{01924B78-DFE9-4DD6-A0C9-01ECFE6669B5}.Release|iPhoneSimulator.ActiveCfg = Release|Any CPU
		{01924B78-DFE9-4DD6-A0C9-01ECFE6669B5}.Release|iPhoneSimulator.Build.0 = Release|Any CPU
		{01924B78-DFE9-4DD6-A0C9-01ECFE6669B5}.Release|iPhoneSimulator.Deploy.0 = Release|Any CPU
		{5843C5AF-8153-48F1-A8F1-95BDF2FBAFF3}.Ad-Hoc|Any CPU.ActiveCfg = Ad-Hoc|iPhone
		{5843C5AF-8153-48F1-A8F1-95BDF2FBAFF3}.Ad-Hoc|iPhone.ActiveCfg = Ad-Hoc|iPhone
		{5843C5AF-8153-48F1-A8F1-95BDF2FBAFF3}.Ad-Hoc|iPhone.Build.0 = Ad-Hoc|iPhone
		{5843C5AF-8153-48F1-A8F1-95BDF2FBAFF3}.Ad-Hoc|iPhoneSimulator.ActiveCfg = Ad-Hoc|iPhoneSimulator
		{5843C5AF-8153-48F1-A8F1-95BDF2FBAFF3}.Ad-Hoc|iPhoneSimulator.Build.0 = Ad-Hoc|iPhoneSimulator
		{5843C5AF-8153-48F1-A8F1-95BDF2FBAFF3}.AppStore|Any CPU.ActiveCfg = AppStore|iPhone
		{5843C5AF-8153-48F1-A8F1-95BDF2FBAFF3}.AppStore|iPhone.ActiveCfg = AppStore|iPhone
		{5843C5AF-8153-48F1-A8F1-95BDF2FBAFF3}.AppStore|iPhone.Build.0 = AppStore|iPhone
		{5843C5AF-8153-48F1-A8F1-95BDF2FBAFF3}.AppStore|iPhoneSimulator.ActiveCfg = AppStore|iPhoneSimulator
		{5843C5AF-8153-48F1-A8F1-95BDF2FBAFF3}.AppStore|iPhoneSimulator.Build.0 = AppStore|iPhoneSimulator
		{5843C5AF-8153-48F1-A8F1-95BDF2FBAFF3}.Debug|Any CPU.ActiveCfg = Debug|iPhone
		{5843C5AF-8153-48F1-A8F1-95BDF2FBAFF3}.Debug|iPhone.ActiveCfg = Debug|iPhone
		{5843C5AF-8153-48F1-A8F1-95BDF2FBAFF3}.Debug|iPhone.Build.0 = Debug|iPhone
		{5843C5AF-8153-48F1-A8F1-95BDF2FBAFF3}.Debug|iPhoneSimulator.ActiveCfg = Debug|iPhoneSimulator
		{5843C5AF-8153-48F1-A8F1-95BDF2FBAFF3}.Debug|iPhoneSimulator.Build.0 = Debug|iPhoneSimulator
		{5843C5AF-8153-48F1-A8F1-95BDF2FBAFF3}.Release|Any CPU.ActiveCfg = Release|iPhone
		{5843C5AF-8153-48F1-A8F1-95BDF2FBAFF3}.Release|iPhone.ActiveCfg = Release|iPhone
		{5843C5AF-8153-48F1-A8F1-95BDF2FBAFF3}.Release|iPhone.Build.0 = Release|iPhone
		{5843C5AF-8153-48F1-A8F1-95BDF2FBAFF3}.Release|iPhoneSimulator.ActiveCfg = Release|iPhoneSimulator
		{5843C5AF-8153-48F1-A8F1-95BDF2FBAFF3}.Release|iPhoneSimulator.Build.0 = Release|iPhoneSimulator
	EndGlobalSection
	GlobalSection(SolutionProperties) = preSolution
		HideSolutionNode = FALSE
	EndGlobalSection
	GlobalSection(ExtensibilityGlobals) = postSolution
		SolutionGuid = {67EE6CBB-C13C-47A0-8C3C-8F19306C715E}
	EndGlobalSection
EndGlobal
